// !$*UTF8*$!
{
	archiveVersion = 1;
	classes = {
	};
	objectVersion = 46;
	objects = {

/* Begin PBXBuildFile section */
		5CB67D161CD2014D005C1023 /* main.cpp in Sources */ = {isa = PBXBuildFile; fileRef = 5CB67D151CD2014D005C1023 /* main.cpp */; };
		5CB67D1E1CD2019A005C1023 /* student.cpp in Sources */ = {isa = PBXBuildFile; fileRef = 5CB67D1C1CD2019A005C1023 /* student.cpp */; };
/* End PBXBuildFile section */

/* Begin PBXCopyFilesBuildPhase section */
		5CB67D101CD2014D005C1023 /* CopyFiles */ = {
			isa = PBXCopyFilesBuildPhase;
			buildActionMask = 2147483647;
			dstPath = /usr/share/man/man1/;
			dstSubfolderSpec = 0;
			files = (
			);
			runOnlyForDeploymentPostprocessing = 1;
		};
/* End PBXCopyFilesBuildPhase section */

/* Begin PBXFileReference section */
		5CB67D121CD2014D005C1023 /* Ermolovich.Lab-5 */ = {isa = PBXFileReference; explicitFileType = "compiled.mach-o.executable"; includeInIndex = 0; path = "Ermolovich.Lab-5"; sourceTree = BUILT_PRODUCTS_DIR; };
		5CB67D151CD2014D005C1023 /* main.cpp */ = {isa = PBXFileReference; lastKnownFileType = sourcecode.cpp.cpp; path = main.cpp; sourceTree = "<group>"; };
		5CB67D1C1CD2019A005C1023 /* student.cpp */ = {isa = PBXFileReference; fileEncoding = 4; lastKnownFileType = sourcecode.cpp.cpp; path = student.cpp; sourceTree = "<group>"; };
		5CB67D1D1CD2019A005C1023 /* student.hpp */ = {isa = PBXFileReference; fileEncoding = 4; lastKnownFileType = sourcecode.cpp.h; path = student.hpp; sourceTree = "<group>"; };
/* End PBXFileReference section */

/* Begin PBXFrameworksBuildPhase section */
		5CB67D0F1CD2014D005C1023 /* Frameworks */ = {
			isa = PBXFrameworksBuildPhase;
			buildActionMask = 2147483647;
			files = (
			);
			runOnlyForDeploymentPostprocessing = 0;
		};
/* End PBXFrameworksBuildPhase section */

/* Begin PBXGroup section */
		5CB67D091CD2014D005C1023 = {
			isa = PBXGroup;
			children = (
				5CB67D141CD2014D005C1023 /* Ermolovich.Lab-5 */,
				5CB67D131CD2014D005C1023 /* Products */,
			);
			sourceTree = "<group>";
		};
		5CB67D131CD2014D005C1023 /* Products */ = {
			isa = PBXGroup;
			children = (
				5CB67D121CD2014D005C1023 /* Ermolovich.Lab-5 */,
			);
			name = Products;
			sourceTree = "<group>";
		};
		5CB67D141CD2014D005C1023 /* Ermolovich.Lab-5 */ = {
			isa = PBXGroup;
			children = (
				5CB67D151CD2014D005C1023 /* main.cpp */,
				5CB67D1C1CD2019A005C1023 /* student.cpp */,
				5CB67D1D1CD2019A005C1023 /* student.hpp */,
			);
			path = "Ermolovich.Lab-5";
			sourceTree = "<group>";
		};
/* End PBXGroup section */

/* Begin PBXNativeTarget section */
		5CB67D111CD2014D005C1023 /* Ermolovich.Lab-5 */ = {
			isa = PBXNativeTarget;
			buildConfigurationList = 5CB67D191CD2014D005C1023 /* Build configuration list for PBXNativeTarget "Ermolovich.Lab-5" */;
			buildPhases = (
				5CB67D0E1CD2014D005C1023 /* Sources */,
				5CB67D0F1CD2014D005C1023 /* Frameworks */,
				5CB67D101CD2014D005C1023 /* CopyFiles */,
			);
			buildRules = (
			);
			dependencies = (
			);
			name = "Ermolovich.Lab-5";
			productName = "Ermolovich.Lab-5";
			productReference = 5CB67D121CD2014D005C1023 /* Ermolovich.Lab-5 */;
			productType = "com.apple.product-type.tool";
		};
/* End PBXNativeTarget section */

/* Begin PBXProject section */
		5CB67D0A1CD2014D005C1023 /* Project object */ = {
			isa = PBXProject;
			attributes = {
				LastUpgradeCheck = 0720;
				ORGANIZATIONNAME = Evgeny;
				TargetAttributes = {
					5CB67D111CD2014D005C1023 = {
						CreatedOnToolsVersion = 7.2.1;
					};
				};
			};
			buildConfigurationList = 5CB67D0D1CD2014D005C1023 /* Build configuration list for PBXProject "Ermolovich.Lab-5" */;
			compatibilityVersion = "Xcode 3.2";
			developmentRegion = English;
			hasScannedForEncodings = 0;
			knownRegions = (
				en,
			);
			mainGroup = 5CB67D091CD2014D005C1023;
			productRefGroup = 5CB67D131CD2014D005C1023 /* Products */;
			projectDirPath = "";
			projectRoot = "";
			targets = (
				5CB67D111CD2014D005C1023 /* Ermolovich.Lab-5 */,
			);
		};
/* End PBXProject section */

/* Begin PBXSourcesBuildPhase section */
		5CB67D0E1CD2014D005C1023 /* Sources */ = {
			isa = PBXSourcesBuildPhase;
			buildActionMask = 2147483647;
			files = (
				5CB67D161CD2014D005C1023 /* main.cpp in Sources */,
				5CB67D1E1CD2019A005C1023 /* student.cpp in Sources */,
			);
			runOnlyForDeploymentPostprocessing = 0;
		};
/* End PBXSourcesBuildPhase section */

/* Begin XCBuildConfiguration section */
		5CB67D171CD2014D005C1023 /* Debug */ = {
			isa = XCBuildConfiguration;
			buildSettings = {
				ALWAYS_SEARCH_USER_PATHS = NO;
				CLANG_CXX_LANGUAGE_STANDARD = "gnu++0x";
				CLANG_CXX_LIBRARY = "libc++";
				CLANG_ENABLE_MODULES = YES;
				CLANG_ENABLE_OBJC_ARC = YES;
				CLANG_WARN_BOOL_CONVERSION = YES;
				CLANG_WARN_CONSTANT_CONVERSION = YES;
				CLANG_WARN_DIRECT_OBJC_ISA_USAGE = YES_ERROR;
				CLANG_WARN_EMPTY_BODY = YES;
				CLANG_WARN_ENUM_CONVERSION = YES;
				CLANG_WARN_INT_CONVERSION = YES;
				CLANG_WARN_OBJC_ROOT_CLASS = YES_ERROR;
				CLANG_WARN_UNREACHABLE_CODE = YES;
				CLANG_WARN__DUPLICATE_METHOD_MATCH = YES;
				CODE_SIGN_IDENTITY = "-";
				COPY_PHASE_STRIP = NO;
				DEBUG_INFORMATION_FORMAT = dwarf;
				ENABLE_STRICT_OBJC_MSGSEND = YES;
				ENABLE_TESTABILITY = YES;
				GCC_C_LANGUAGE_STANDARD = gnu99;
				GCC_DYNAMIC_NO_PIC = NO;
				GCC_NO_COMMON_BLOCKS = YES;
				GCC_OPTIMIZATION_LEVEL = 0;
				GCC_PREPROCESSOR_DEFINITIONS = (
					"DEBUG=1",
					"$(inherited)",
				);
				GCC_WARN_64_TO_32_BIT_CONVERSION = YES;
				GCC_WARN_ABOUT_RETURN_TYPE = YES_ERROR;
				GCC_WARN_UNDECLARED_SELECTOR = YES;
				GCC_WARN_UNINITIALIZED_AUTOS = YES_AGGRESSIVE;
				GCC_WARN_UNUSED_FUNCTION = YES;
				GCC_WARN_UNUSED_VARIABLE = YES;
				MACOSX_DEPLOYMENT_TARGET = 10.10;
				MTL_ENABLE_DEBUG_INFO = YES;
				ONLY_ACTIVE_ARCH = YES;
				SDKROOT = macosx;
			};
			name = Debug;
		};
		5CB67D181CD2014D005C1023 /* Release */ = {
			isa = XCBuildConfiguration;
			buildSettings = {
				ALWAYS_SEARCH_USER_PATHS = NO;
				CLANG_CXX_LANGUAGE_STANDARD = "gnu++0x";
				CLANG_CXX_LIBRARY = "libc++";
				CLANG_ENABLE_MODULES = YES;
				CLANG_ENABLE_OBJC_ARC = YES;
				CLANG_WARN_BOOL_CONVERSION = YES;
				CLANG_WARN_CONSTANT_CONVERSION = YES;
				CLANG_WARN_DIRECT_OBJC_ISA_USAGE = YES_ERROR;
				CLANG_WARN_EMPTY_BODY = YES;
				CLANG_WARN_ENUM_CONVERSION = YES;
				CLANG_WARN_INT_CONVERSION = YES;
				CLANG_WARN_OBJC_ROOT_CLASS = YES_ERROR;
				CLANG_WARN_UNREACHABLE_CODE = YES;
				CLANG_WARN__DUPLICATE_METHOD_MATCH = YES;
				CODE_SIGN_IDENTITY = "-";
				COPY_PHASE_STRIP = NO;
				DEBUG_INFORMATION_FORMAT = "dwarf-with-dsym";
				ENABLE_NS_ASSERTIONS = NO;
				ENABLE_STRICT_OBJC_MSGSEND = YES;
				GCC_C_LANGUAGE_STANDARD = gnu99;
				GCC_NO_COMMON_BLOCKS = YES;
				GCC_WARN_64_TO_32_BIT_CONVERSION = YES;
				GCC_WARN_ABOUT_RETURN_TYPE = YES_ERROR;
				GCC_WARN_UNDECLARED_SELECTOR = YES;
				GCC_WARN_UNINITIALIZED_AUTOS = YES_AGGRESSIVE;
				GCC_WARN_UNUSED_FUNCTION = YES;
				GCC_WARN_UNUSED_VARIABLE = YES;
				MACOSX_DEPLOYMENT_TARGET = 10.10;
				MTL_ENABLE_DEBUG_INFO = NO;
				SDKROOT = macosx;
			};
			name = Release;
		};
		5CB67D1A1CD2014D005C1023 /* Debug */ = {
			isa = XCBuildConfiguration;
			buildSettings = {
				PRODUCT_NAME = "$(TARGET_NAME)";
			};
			name = Debug;
		};
		5CB67D1B1CD2014D005C1023 /* Release */ = {
			isa = XCBuildConfiguration;
			buildSettings = {
				PRODUCT_NAME = "$(TARGET_NAME)";
			};
			name = Release;
		};
/* End XCBuildConfiguration section */

/* Begin XCConfigurationList section */
		5CB67D0D1CD2014D005C1023 /* Build configuration list for PBXProject "Ermolovich.Lab-5" */ = {
			isa = XCConfigurationList;
			buildConfigurations = (
				5CB67D171CD2014D005C1023 /* Debug */,
				5CB67D181CD2014D005C1023 /* Release */,
			);
			defaultConfigurationIsVisible = 0;
			defaultConfigurationName = Release;
		};
		5CB67D191CD2014D005C1023 /* Build configuration list for PBXNativeTarget "Ermolovich.Lab-5" */ = {
			isa = XCConfigurationList;
			buildConfigurations = (
				5CB67D1A1CD2014D005C1023 /* Debug */,
				5CB67D1B1CD2014D005C1023 /* Release */,
			);
			defaultConfigurationIsVisible = 0;
		};
/* End XCConfigurationList section */
	};
	rootObject = 5CB67D0A1CD2014D005C1023 /* Project object */;
}
